// !$*UTF8*$!
{
	archiveVersion = 1;
	classes = {
	};
	objectVersion = 48;
	objects = {

/* Begin PBXBuildFile section */
		738168411FFDE7DF0011936D /* AppDelegate.m in Sources */ = {isa = PBXBuildFile; fileRef = 738168401FFDE7DF0011936D /* AppDelegate.m */; };
		738168441FFDE7DF0011936D /* ViewController.m in Sources */ = {isa = PBXBuildFile; fileRef = 738168431FFDE7DF0011936D /* ViewController.m */; };
		738168471FFDE7DF0011936D /* Main.storyboard in Resources */ = {isa = PBXBuildFile; fileRef = 738168451FFDE7DF0011936D /* Main.storyboard */; };
		738168491FFDE7DF0011936D /* Assets.xcassets in Resources */ = {isa = PBXBuildFile; fileRef = 738168481FFDE7DF0011936D /* Assets.xcassets */; };
		7381684C1FFDE7DF0011936D /* LaunchScreen.storyboard in Resources */ = {isa = PBXBuildFile; fileRef = 7381684A1FFDE7DF0011936D /* LaunchScreen.storyboard */; };
		7381684F1FFDE7E00011936D /* main.m in Sources */ = {isa = PBXBuildFile; fileRef = 7381684E1FFDE7E00011936D /* main.m */; };
		738168581FFDE8530011936D /* ButtonTagView.m in Sources */ = {isa = PBXBuildFile; fileRef = 738168571FFDE8530011936D /* ButtonTagView.m */; };
		7381685B1FFDE89D0011936D /* PulldownMeunView.m in Sources */ = {isa = PBXBuildFile; fileRef = 7381685A1FFDE89D0011936D /* PulldownMeunView.m */; };
		73B4030E20037A480037FE74 /* UserTableViewCell.m in Sources */ = {isa = PBXBuildFile; fileRef = 73B4030C20037A480037FE74 /* UserTableViewCell.m */; };
		73B4030F20037A480037FE74 /* UserTableViewCell.xib in Resources */ = {isa = PBXBuildFile; fileRef = 73B4030D20037A480037FE74 /* UserTableViewCell.xib */; };
		73B4031220047D450037FE74 /* ButtonAlignView.m in Sources */ = {isa = PBXBuildFile; fileRef = 73B4031120047D450037FE74 /* ButtonAlignView.m */; };
		73B40315200484190037FE74 /* UserViewController.m in Sources */ = {isa = PBXBuildFile; fileRef = 73B40314200484190037FE74 /* UserViewController.m */; };
		73B4031C2004A2970037FE74 /* PositionButton.m in Sources */ = {isa = PBXBuildFile; fileRef = 73B4031B2004A2960037FE74 /* PositionButton.m */; };
/* End PBXBuildFile section */

/* Begin PBXFileReference section */
		7381683C1FFDE7DF0011936D /* MenuSelectView.app */ = {isa = PBXFileReference; explicitFileType = wrapper.application; includeInIndex = 0; path = MenuSelectView.app; sourceTree = BUILT_PRODUCTS_DIR; };
		7381683F1FFDE7DF0011936D /* AppDelegate.h */ = {isa = PBXFileReference; lastKnownFileType = sourcecode.c.h; path = AppDelegate.h; sourceTree = "<group>"; };
		738168401FFDE7DF0011936D /* AppDelegate.m */ = {isa = PBXFileReference; lastKnownFileType = sourcecode.c.objc; path = AppDelegate.m; sourceTree = "<group>"; };
		738168421FFDE7DF0011936D /* ViewController.h */ = {isa = PBXFileReference; lastKnownFileType = sourcecode.c.h; path = ViewController.h; sourceTree = "<group>"; };
		738168431FFDE7DF0011936D /* ViewController.m */ = {isa = PBXFileReference; lastKnownFileType = sourcecode.c.objc; path = ViewController.m; sourceTree = "<group>"; };
		738168461FFDE7DF0011936D /* Base */ = {isa = PBXFileReference; lastKnownFileType = file.storyboard; name = Base; path = Base.lproj/Main.storyboard; sourceTree = "<group>"; };
		738168481FFDE7DF0011936D /* Assets.xcassets */ = {isa = PBXFileReference; lastKnownFileType = folder.assetcatalog; path = Assets.xcassets; sourceTree = "<group>"; };
		7381684B1FFDE7DF0011936D /* Base */ = {isa = PBXFileReference; lastKnownFileType = file.storyboard; name = Base; path = Base.lproj/LaunchScreen.storyboard; sourceTree = "<group>"; };
		7381684D1FFDE7E00011936D /* Info.plist */ = {isa = PBXFileReference; lastKnownFileType = text.plist.xml; path = Info.plist; sourceTree = "<group>"; };
		7381684E1FFDE7E00011936D /* main.m */ = {isa = PBXFileReference; lastKnownFileType = sourcecode.c.objc; path = main.m; sourceTree = "<group>"; };
		738168561FFDE8530011936D /* ButtonTagView.h */ = {isa = PBXFileReference; fileEncoding = 4; lastKnownFileType = sourcecode.c.h; path = ButtonTagView.h; sourceTree = "<group>"; };
		738168571FFDE8530011936D /* ButtonTagView.m */ = {isa = PBXFileReference; fileEncoding = 4; lastKnownFileType = sourcecode.c.objc; path = ButtonTagView.m; sourceTree = "<group>"; };
		738168591FFDE89D0011936D /* PulldownMeunView.h */ = {isa = PBXFileReference; lastKnownFileType = sourcecode.c.h; path = PulldownMeunView.h; sourceTree = "<group>"; };
		7381685A1FFDE89D0011936D /* PulldownMeunView.m */ = {isa = PBXFileReference; lastKnownFileType = sourcecode.c.objc; path = PulldownMeunView.m; sourceTree = "<group>"; };
		73B4030B20037A480037FE74 /* UserTableViewCell.h */ = {isa = PBXFileReference; lastKnownFileType = sourcecode.c.h; path = UserTableViewCell.h; sourceTree = "<group>"; };
		73B4030C20037A480037FE74 /* UserTableViewCell.m */ = {isa = PBXFileReference; lastKnownFileType = sourcecode.c.objc; path = UserTableViewCell.m; sourceTree = "<group>"; };
		73B4030D20037A480037FE74 /* UserTableViewCell.xib */ = {isa = PBXFileReference; lastKnownFileType = file.xib; path = UserTableViewCell.xib; sourceTree = "<group>"; };
		73B4031020047D450037FE74 /* ButtonAlignView.h */ = {isa = PBXFileReference; lastKnownFileType = sourcecode.c.h; path = ButtonAlignView.h; sourceTree = "<group>"; };
		73B4031120047D450037FE74 /* ButtonAlignView.m */ = {isa = PBXFileReference; lastKnownFileType = sourcecode.c.objc; path = ButtonAlignView.m; sourceTree = "<group>"; };
		73B40313200484190037FE74 /* UserViewController.h */ = {isa = PBXFileReference; lastKnownFileType = sourcecode.c.h; path = UserViewController.h; sourceTree = "<group>"; };
		73B40314200484190037FE74 /* UserViewController.m */ = {isa = PBXFileReference; lastKnownFileType = sourcecode.c.objc; path = UserViewController.m; sourceTree = "<group>"; };
		73B4031A2004A2960037FE74 /* PositionButton.h */ = {isa = PBXFileReference; lastKnownFileType = sourcecode.c.h; path = PositionButton.h; sourceTree = "<group>"; };
		73B4031B2004A2960037FE74 /* PositionButton.m */ = {isa = PBXFileReference; lastKnownFileType = sourcecode.c.objc; path = PositionButton.m; sourceTree = "<group>"; };
/* End PBXFileReference section */

/* Begin PBXFrameworksBuildPhase section */
		738168391FFDE7DF0011936D /* Frameworks */ = {
			isa = PBXFrameworksBuildPhase;
			buildActionMask = 2147483647;
			files = (
			);
			runOnlyForDeploymentPostprocessing = 0;
		};
/* End PBXFrameworksBuildPhase section */

/* Begin PBXGroup section */
		738168331FFDE7DF0011936D = {
			isa = PBXGroup;
			children = (
				7381683E1FFDE7DF0011936D /* MenuSelectView */,
				7381683D1FFDE7DF0011936D /* Products */,
			);
			sourceTree = "<group>";
		};
		7381683D1FFDE7DF0011936D /* Products */ = {
			isa = PBXGroup;
			children = (
				7381683C1FFDE7DF0011936D /* MenuSelectView.app */,
			);
			name = Products;
			sourceTree = "<group>";
		};
		7381683E1FFDE7DF0011936D /* MenuSelectView */ = {
			isa = PBXGroup;
			children = (
				73B4030A200379AB0037FE74 /* Cells */,
				73B40309200379820037FE74 /* Controllers */,
				738168551FFDE8240011936D /* MenuView */,
				7381683F1FFDE7DF0011936D /* AppDelegate.h */,
				738168401FFDE7DF0011936D /* AppDelegate.m */,
				738168451FFDE7DF0011936D /* Main.storyboard */,
				738168481FFDE7DF0011936D /* Assets.xcassets */,
				7381684A1FFDE7DF0011936D /* LaunchScreen.storyboard */,
				7381684D1FFDE7E00011936D /* Info.plist */,
				7381684E1FFDE7E00011936D /* main.m */,
			);
			path = MenuSelectView;
			sourceTree = "<group>";
		};
		738168551FFDE8240011936D /* MenuView */ = {
			isa = PBXGroup;
			children = (
				738168561FFDE8530011936D /* ButtonTagView.h */,
				738168571FFDE8530011936D /* ButtonTagView.m */,
				738168591FFDE89D0011936D /* PulldownMeunView.h */,
				7381685A1FFDE89D0011936D /* PulldownMeunView.m */,
				73B4031020047D450037FE74 /* ButtonAlignView.h */,
				73B4031120047D450037FE74 /* ButtonAlignView.m */,
				73B4031A2004A2960037FE74 /* PositionButton.h */,
				73B4031B2004A2960037FE74 /* PositionButton.m */,
			);
			path = MenuView;
			sourceTree = "<group>";
		};
		73B40309200379820037FE74 /* Controllers */ = {
			isa = PBXGroup;
			children = (
				738168421FFDE7DF0011936D /* ViewController.h */,
				738168431FFDE7DF0011936D /* ViewController.m */,
				73B40313200484190037FE74 /* UserViewController.h */,
				73B40314200484190037FE74 /* UserViewController.m */,
			);
			path = Controllers;
			sourceTree = "<group>";
		};
		73B4030A200379AB0037FE74 /* Cells */ = {
			isa = PBXGroup;
			children = (
				73B4030B20037A480037FE74 /* UserTableViewCell.h */,
				73B4030C20037A480037FE74 /* UserTableViewCell.m */,
				73B4030D20037A480037FE74 /* UserTableViewCell.xib */,
			);
			path = Cells;
			sourceTree = "<group>";
		};
/* End PBXGroup section */

/* Begin PBXNativeTarget section */
		7381683B1FFDE7DF0011936D /* MenuSelectView */ = {
			isa = PBXNativeTarget;
			buildConfigurationList = 738168521FFDE7E00011936D /* Build configuration list for PBXNativeTarget "MenuSelectView" */;
			buildPhases = (
				738168381FFDE7DF0011936D /* Sources */,
				738168391FFDE7DF0011936D /* Frameworks */,
				7381683A1FFDE7DF0011936D /* Resources */,
			);
			buildRules = (
			);
			dependencies = (
			);
			name = MenuSelectView;
			productName = MenuSelectView;
			productReference = 7381683C1FFDE7DF0011936D /* MenuSelectView.app */;
			productType = "com.apple.product-type.application";
		};
/* End PBXNativeTarget section */

/* Begin PBXProject section */
		738168341FFDE7DF0011936D /* Project object */ = {
			isa = PBXProject;
			attributes = {
				LastUpgradeCheck = 0920;
				ORGANIZATIONNAME = maweefeng;
				TargetAttributes = {
					7381683B1FFDE7DF0011936D = {
						CreatedOnToolsVersion = 9.2;
						ProvisioningStyle = Automatic;
					};
				};
			};
			buildConfigurationList = 738168371FFDE7DF0011936D /* Build configuration list for PBXProject "MenuSelectView" */;
			compatibilityVersion = "Xcode 8.0";
			developmentRegion = en;
			hasScannedForEncodings = 0;
			knownRegions = (
				en,
				Base,
			);
			mainGroup = 738168331FFDE7DF0011936D;
			productRefGroup = 7381683D1FFDE7DF0011936D /* Products */;
			projectDirPath = "";
			projectRoot = "";
			targets = (
				7381683B1FFDE7DF0011936D /* MenuSelectView */,
			);
		};
/* End PBXProject section */

/* Begin PBXResourcesBuildPhase section */
		7381683A1FFDE7DF0011936D /* Resources */ = {
			isa = PBXResourcesBuildPhase;
			buildActionMask = 2147483647;
			files = (
				73B4030F20037A480037FE74 /* UserTableViewCell.xib in Resources */,
				7381684C1FFDE7DF0011936D /* LaunchScreen.storyboard in Resources */,
				738168491FFDE7DF0011936D /* Assets.xcassets in Resources */,
				738168471FFDE7DF0011936D /* Main.storyboard in Resources */,
			);
			runOnlyForDeploymentPostprocessing = 0;
		};
/* End PBXResourcesBuildPhase section */

/* Begin PBXSourcesBuildPhase section */
		738168381FFDE7DF0011936D /* Sources */ = {
			isa = PBXSourcesBuildPhase;
			buildActionMask = 2147483647;
			files = (
				738168441FFDE7DF0011936D /* ViewController.m in Sources */,
				7381684F1FFDE7E00011936D /* main.m in Sources */,
				73B4030E20037A480037FE74 /* UserTableViewCell.m in Sources */,
				738168411FFDE7DF0011936D /* AppDelegate.m in Sources */,
				738168581FFDE8530011936D /* ButtonTagView.m in Sources */,
				73B40315200484190037FE74 /* UserViewController.m in Sources */,
				7381685B1FFDE89D0011936D /* PulldownMeunView.m in Sources */,
				73B4031220047D450037FE74 /* ButtonAlignView.m in Sources */,
				73B4031C2004A2970037FE74 /* PositionButton.m in Sources */,
			);
			runOnlyForDeploymentPostprocessing = 0;
		};
/* End PBXSourcesBuildPhase section */

/* Begin PBXVariantGroup section */
		738168451FFDE7DF0011936D /* Main.storyboard */ = {
			isa = PBXVariantGroup;
			children = (
				738168461FFDE7DF0011936D /* Base */,
			);
			name = Main.storyboard;
			sourceTree = "<group>";
		};
		7381684A1FFDE7DF0011936D /* LaunchScreen.storyboard */ = {
			isa = PBXVariantGroup;
			children = (
				7381684B1FFDE7DF0011936D /* Base */,
			);
			name = LaunchScreen.storyboard;
			sourceTree = "<group>";
		};
/* End PBXVariantGroup section */

/* Begin XCBuildConfiguration section */
		738168501FFDE7E00011936D /* Debug */ = {
			isa = XCBuildConfiguration;
			buildSettings = {
				ALWAYS_SEARCH_USER_PATHS = NO;
				CLANG_ANALYZER_NONNULL = YES;
				CLANG_ANALYZER_NUMBER_OBJECT_CONVERSION = YES_AGGRESSIVE;
				CLANG_CXX_LANGUAGE_STANDARD = "gnu++14";
				CLANG_CXX_LIBRARY = "libc++";
				CLANG_ENABLE_MODULES = YES;
				CLANG_ENABLE_OBJC_ARC = YES;
				CLANG_WARN_BLOCK_CAPTURE_AUTORELEASING = YES;
				CLANG_WARN_BOOL_CONVERSION = YES;
				CLANG_WARN_COMMA = YES;
				CLANG_WARN_CONSTANT_CONVERSION = YES;
				CLANG_WARN_DIRECT_OBJC_ISA_USAGE = YES_ERROR;
				CLANG_WARN_DOCUMENTATION_COMMENTS = YES;
				CLANG_WARN_EMPTY_BODY = YES;
				CLANG_WARN_ENUM_CONVERSION = YES;
				CLANG_WARN_INFINITE_RECURSION = YES;
				CLANG_WARN_INT_CONVERSION = YES;
				CLANG_WARN_NON_LITERAL_NULL_CONVERSION = YES;
				CLANG_WARN_OBJC_LITERAL_CONVERSION = YES;
				CLANG_WARN_OBJC_ROOT_CLASS = YES_ERROR;
				CLANG_WARN_RANGE_LOOP_ANALYSIS = YES;
				CLANG_WARN_STRICT_PROTOTYPES = YES;
				CLANG_WARN_SUSPICIOUS_MOVE = YES;
				CLANG_WARN_UNGUARDED_AVAILABILITY = YES_AGGRESSIVE;
				CLANG_WARN_UNREACHABLE_CODE = YES;
				CLANG_WARN__DUPLICATE_METHOD_MATCH = YES;
				CODE_SIGN_IDENTITY = "iPhone Developer";
				COPY_PHASE_STRIP = NO;
				DEBUG_INFORMATION_FORMAT = dwarf;
				ENABLE_STRICT_OBJC_MSGSEND = YES;
				ENABLE_TESTABILITY = YES;
				GCC_C_LANGUAGE_STANDARD = gnu11;
				GCC_DYNAMIC_NO_PIC = NO;
				GCC_NO_COMMON_BLOCKS = YES;
				GCC_OPTIMIZATION_LEVEL = 0;
				GCC_PREPROCESSOR_DEFINITIONS = (
					"DEBUG=1",
					"$(inherited)",
				);
				GCC_WARN_64_TO_32_BIT_CONVERSION = YES;
				GCC_WARN_ABOUT_RETURN_TYPE = YES_ERROR;
				GCC_WARN_UNDECLARED_SELECTOR = YES;
				GCC_WARN_UNINITIALIZED_AUTOS = YES_AGGRESSIVE;
				GCC_WARN_UNUSED_FUNCTION = YES;
				GCC_WARN_UNUSED_VARIABLE = YES;
				IPHONEOS_DEPLOYMENT_TARGET = 11.2;
				MTL_ENABLE_DEBUG_INFO = YES;
				ONLY_ACTIVE_ARCH = YES;
				SDKROOT = iphoneos;
			};
			name = Debug;
		};
		738168511FFDE7E00011936D /* Release */ = {
			isa = XCBuildConfiguration;
			buildSettings = {
				ALWAYS_SEARCH_USER_PATHS = NO;
				CLANG_ANALYZER_NONNULL = YES;
				CLANG_ANALYZER_NUMBER_OBJECT_CONVERSION = YES_AGGRESSIVE;
				CLANG_CXX_LANGUAGE_STANDARD = "gnu++14";
				CLANG_CXX_LIBRARY = "libc++";
				CLANG_ENABLE_MODULES = YES;
				CLANG_ENABLE_OBJC_ARC = YES;
				CLANG_WARN_BLOCK_CAPTURE_AUTORELEASING = YES;
				CLANG_WARN_BOOL_CONVERSION = YES;
				CLANG_WARN_COMMA = YES;
				CLANG_WARN_CONSTANT_CONVERSION = YES;
				CLANG_WARN_DIRECT_OBJC_ISA_USAGE = YES_ERROR;
				CLANG_WARN_DOCUMENTATION_COMMENTS = YES;
				CLANG_WARN_EMPTY_BODY = YES;
				CLANG_WARN_ENUM_CONVERSION = YES;
				CLANG_WARN_INFINITE_RECURSION = YES;
				CLANG_WARN_INT_CONVERSION = YES;
				CLANG_WARN_NON_LITERAL_NULL_CONVERSION = YES;
				CLANG_WARN_OBJC_LITERAL_CONVERSION = YES;
				CLANG_WARN_OBJC_ROOT_CLASS = YES_ERROR;
				CLANG_WARN_RANGE_LOOP_ANALYSIS = YES;
				CLANG_WARN_STRICT_PROTOTYPES = YES;
				CLANG_WARN_SUSPICIOUS_MOVE = YES;
				CLANG_WARN_UNGUARDED_AVAILABILITY = YES_AGGRESSIVE;
				CLANG_WARN_UNREACHABLE_CODE = YES;
				CLANG_WARN__DUPLICATE_METHOD_MATCH = YES;
				CODE_SIGN_IDENTITY = "iPhone Developer";
				COPY_PHASE_STRIP = NO;
				DEBUG_INFORMATION_FORMAT = "dwarf-with-dsym";
				ENABLE_NS_ASSERTIONS = NO;
				ENABLE_STRICT_OBJC_MSGSEND = YES;
				GCC_C_LANGUAGE_STANDARD = gnu11;
				GCC_NO_COMMON_BLOCKS = YES;
				GCC_WARN_64_TO_32_BIT_CONVERSION = YES;
				GCC_WARN_ABOUT_RETURN_TYPE = YES_ERROR;
				GCC_WARN_UNDECLARED_SELECTOR = YES;
				GCC_WARN_UNINITIALIZED_AUTOS = YES_AGGRESSIVE;
				GCC_WARN_UNUSED_FUNCTION = YES;
				GCC_WARN_UNUSED_VARIABLE = YES;
				IPHONEOS_DEPLOYMENT_TARGET = 11.2;
				MTL_ENABLE_DEBUG_INFO = NO;
				SDKROOT = iphoneos;
				VALIDATE_PRODUCT = YES;
			};
			name = Release;
		};
		738168531FFDE7E00011936D /* Debug */ = {
			isa = XCBuildConfiguration;
			buildSettings = {
				ASSETCATALOG_COMPILER_APPICON_NAME = AppIcon;
				CODE_SIGN_STYLE = Automatic;
				DEVELOPMENT_TEAM = Y36UFE75E8;
				INFOPLIST_FILE = MenuSelectView/Info.plist;
				LD_RUNPATH_SEARCH_PATHS = "$(inherited) @executable_path/Frameworks";
				PRODUCT_BUNDLE_IDENTIFIER = com.maweefeng.MenuSelectView;
				PRODUCT_NAME = "$(TARGET_NAME)";
				TARGETED_DEVICE_FAMILY = "1,2";
			};
			name = Debug;
		};
		738168541FFDE7E00011936D /* Release */ = {
			isa = XCBuildConfiguration;
			buildSettings = {
				ASSETCATALOG_COMPILER_APPICON_NAME = AppIcon;
				CODE_SIGN_STYLE = Automatic;
				DEVELOPMENT_TEAM = Y36UFE75E8;
				INFOPLIST_FILE = MenuSelectView/Info.plist;
				LD_RUNPATH_SEARCH_PATHS = "$(inherited) @executable_path/Frameworks";
				PRODUCT_BUNDLE_IDENTIFIER = com.maweefeng.MenuSelectView;
				PRODUCT_NAME = "$(TARGET_NAME)";
				TARGETED_DEVICE_FAMILY = "1,2";
			};
			name = Release;
		};
/* End XCBuildConfiguration section */

/* Begin XCConfigurationList section */
		738168371FFDE7DF0011936D /* Build configuration list for PBXProject "MenuSelectView" */ = {
			isa = XCConfigurationList;
			buildConfigurations = (
				738168501FFDE7E00011936D /* Debug */,
				738168511FFDE7E00011936D /* Release */,
			);
			defaultConfigurationIsVisible = 0;
			defaultConfigurationName = Release;
		};
		738168521FFDE7E00011936D /* Build configuration list for PBXNativeTarget "MenuSelectView" */ = {
			isa = XCConfigurationList;
			buildConfigurations = (
				738168531FFDE7E00011936D /* Debug */,
				738168541FFDE7E00011936D /* Release */,
			);
			defaultConfigurationIsVisible = 0;
			defaultConfigurationName = Release;
		};
/* End XCConfigurationList section */
	};
	rootObject = 738168341FFDE7DF0011936D /* Project object */;
}
